version = 1
revision = 2
requires-python = ">=3.11"

[[package]]
name = "asttokens"
version = "3.0.1"
source = { registry = "https://pypi.apple.com/simple" }
sdist = { url = "https://pypi.apple.com/packages/packages/be/a5/8e3f9b6771b0b408517c82d97aed8f2036509bc247d46114925e32fe33f0/asttokens-3.0.1.tar.gz", hash = "sha256:71a4ee5de0bde6a31d64f6b13f2293ac190344478f081c3d1bccfcf5eacb0cb7" }
wheels = [
    { url = "https://pypi.apple.com/packages/packages/d2/39/e7eaf1799466a4aef85b6a4fe7bd175ad2b1c6345066aa33f1f58d4b18d0/asttokens-3.0.1-py3-none-any.whl", hash = "sha256:15a3ebc0f43c2d0a50eeafea25e19046c68398e487b9f1f5b517f7c0f40f976a" },
]

[[package]]
name = "bitarray"
version = "3.8.1"
source = { registry = "https://pypi.apple.com/simple" }
sdist = { url = "https://pypi.apple.com/packages/packages/fc/47/b5da717e7bbe97a6dc4c986f053ca55fd3276078d78f68f9e8b417d1425a/bitarray-3.8.1.tar.gz", hash = "sha256:f90bb3c680804ec9630bcf8c0965e54b4de84d33b17d7da57c87c30f0c64c6f5" }
wheels = [
    { url = "https://pypi.apple.com/packages/packages/05/5c/32ace44d0313b4a9986d2abc3a1349744920dafcfb6a4e454a10ed09ef5a/bitarray-3.8.1-cp311-cp311-macosx_10_9_x86_64.whl", hash = "sha256:660e11b9932f58f10151d0febd11f77d3b0d48d6fa4dd4686d8983f40187101e" },
    { url = "https://pypi.apple.com/packages/packages/6d/85/7bd0a218478f0a226ddfb756dd64286f8ee3c61a17991a1a50aae8d89dca/bitarray-3.8.1-cp311-cp311-macosx_11_0_arm64.whl", hash = "sha256:fb1df55f5700187c6db4b47dbdaf8a0653a111341ac7fccc596b397aa3399e65" },
    { url = "https://pypi.apple.com/packages/packages/e8/e9/e4e6aec6874efac185959f4627b6a61a88c0dad3ec92eee433fd395daa78/bitarray-3.8.1-cp311-cp311-manylinux2014_aarch64.manylinux_2_17_aarch64.manylinux_2_28_aarch64.whl", hash = "sha256:838fd67b3d00c5a64181073282a2c0bf8f76465da4844d5e79d2dbbc64c987dc" },
    { url = "https://pypi.apple.com/packages/packages/50/5f/d493eb77f79b58eaa489e9e032aa1c91f6af844287b341c6be681df11b0d/bitarray-3.8.1-cp311-cp311-manylinux2014_ppc64le.manylinux_2_17_ppc64le.manylinux_2_28_ppc64le.whl", hash = "sha256:5743f532e408cfd716fa16776b5a6447b83ff2cf39021fb5f8d052aa0f331508" },
    { url = "https://pypi.apple.com/packages/packages/24/a3/2e3f33c66f61754b5bb4724d54c9c1122699facc580bcb416d44f1164ffc/bitarray-3.8.1-cp311-cp311-manylinux2014_s390x.manylinux_2_17_s390x.manylinux_2_28_s390x.whl", hash = "sha256:0c8c66f5d8055cb84ad0ea14af57b3579cb0b6db589f2086f5e33f0922cf2354" },
    { url = "https://pypi.apple.com/packages/packages/05/03/4dfca9a69dfa69cde6fdbcfafbc039e069e105ea2443688177f6873d8444/bitarray-3.8.1-cp311-cp311-manylinux2014_x86_64.manylinux_2_17_x86_64.manylinux_2_28_x86_64.whl", hash = "sha256:8c3fe25871f1758519a3ad8dcafb1bd95c5d1aaeb122e6492ac739ab11fa5907" },
    { url = "https://pypi.apple.com/packages/packages/14/5d/a2275da6c935893f275624c88afab6cdd5b6aa916d0b45c50dd400cafb20/bitarray-3.8.1-cp311-cp311-musllinux_1_2_aarch64.whl", hash = "sha256:e9ff57452fcadfd1a379314234657b8f4e9967ae64480ddf7c2fd82139bc8cf8" },
    { url = "https://pypi.apple.com/packages/packages/2d/fd/7f4041c7a7e94ef3e7de86fdb4102d3fe366998b507de77ba0fe5dff6c44/bitarray-3.8.1-cp311-cp311-musllinux_1_2_ppc64le.whl", hash = "sha256:4e34f1cb6cdb036c5f4a839a2b74419f75fa36177a70c4bab2867f48973cbe44" },
    { url = "https://pypi.apple.com/packages/packages/29/4e/2d0c381327c0f5bc49681b799bbe7d80d5e629079f9609a79d39da6e8b8f/bitarray-3.8.1-cp311-cp311-musllinux_1_2_s390x.whl", hash = "sha256:698c37fca3761af69a09a1d39cc0492f7e8cb9e263af39a288dce8f3b8a9e2bc" },
    { url = "https://pypi.apple.com/packages/packages/e8/d9/66644d45d9f844d1c78b80f3517c8717ac4b4d9853ec61bd02b3cabc06e6/bitarray-3.8.1-cp311-cp311-musllinux_1_2_x86_64.whl", hash = "sha256:81ede1f094f26eeaff62e029ff1bc4e84e9d568f20d4669f64dcf7c7b18a28fc" },
    { url = "https://pypi.apple.com/packages/packages/ad/7d/4ea3fd2424535630d4d236bc0c721621260b39878eed669dbc1deb5c6b22/bitarray-3.8.1-cp311-cp311-win32.whl", hash = "sha256:8a345b5dc8ab8cafdf338e08530d48fe3f73df27f4ff569be793c7a7e7bb6b6b" },
    { url = "https://pypi.apple.com/packages/packages/d0/4f/46309fcf9e1793c7184e3fc1aa73d7daf2b6a2b0fa1efbcf8d497101690e/bitarray-3.8.1-cp311-cp311-win_amd64.whl", hash = "sha256:ddcd25a1f72b2b545fb27e17882046a6c161f3f24514b2e028c00c58ed73a2dd" },
    { url = "https://pypi.apple.com/packages/packages/0e/1e/10289fb8e44fdd2d01adcc24d64b5c45ead709fbec76ee973f42e22b3059/bitarray-3.8.1-cp311-cp311-win_arm64.whl", hash = "sha256:dc2cab92c42991b711132bc52405680e075d1505d4356c4468bc6e9c93d49137" },
    { url = "https://pypi.apple.com/packages/packages/5d/4f/6ab3767b6642a6cbee4353f10a71fe25ade9899d539fae47c3d50686ebe2/bitarray-3.8.1-cp312-cp312-macosx_10_13_x86_64.whl", hash = "sha256:4494c599effa16064f2b600f6eb28115182d6826847d795a55691339788d8a4d" },
    { url = "https://pypi.apple.com/packages/packages/eb/53/22bfffd13dd0a266f90011338b24eec45f25c91d37155bb2aa330351e17d/bitarray-3.8.1-cp312-cp312-macosx_11_0_arm64.whl", hash = "sha256:ff2ca039a161d49a8c713f5380def315c6f793df5fe348b94782b1dbee37a644" },
    { url = "https://pypi.apple.com/packages/packages/5d/dc/60aff29c88b648e18248921001cf9d7169abeda4d8db96f2dc1a24ed98ca/bitarray-3.8.1-cp312-cp312-manylinux2014_aarch64.manylinux_2_17_aarch64.manylinux_2_28_aarch64.whl", hash = "sha256:df3ffa6ef88166bb36f5d1492e71e664868b9b8b6afd55821e0ac0cb96625441" },
    { url = "https://pypi.apple.com/packages/packages/83/c8/225380610a01ae0d8f2f5256e531bae7135b2ade6f4607156424718ec43a/bitarray-3.8.1-cp312-cp312-manylinux2014_ppc64le.manylinux_2_17_ppc64le.manylinux_2_28_ppc64le.whl", hash = "sha256:478b9f0ea86f957624dd2b159066855716f78db94666e9b04babe85fc013e01b" },
    { url = "https://pypi.apple.com/packages/packages/6c/df/83899be9a74ec5878972e8b636f645ef1771e146c6425a161fdafdd74aaa/bitarray-3.8.1-cp312-cp312-manylinux2014_s390x.manylinux_2_17_s390x.manylinux_2_28_s390x.whl", hash = "sha256:e127b2e7fc533728295196f9265d12834530f475bc6cd6f74619df415d04b8b1" },
    { url = "https://pypi.apple.com/packages/packages/6c/93/38bc15cb097107d220a942eb66dc50882496d7da54f41e5eea6c31b1c443/bitarray-3.8.1-cp312-cp312-manylinux2014_x86_64.manylinux_2_17_x86_64.manylinux_2_28_x86_64.whl", hash = "sha256:6ef49462a615de062dcac8281944d0b036fe1e9c96a6c690bf6cf5e4b5488f0e" },
    { url = "https://pypi.apple.com/packages/packages/5a/c3/75fae6991946f8bf643ec50233432ea81b5b65bfdb2918b09d7e37605380/bitarray-3.8.1-cp312-cp312-musllinux_1_2_aarch64.whl", hash = "sha256:4da256fc567a57ded2a4aa962fc9e9d430ab740e5c67be9e98a63ef4eb467f2f" },
    { url = "https://pypi.apple.com/packages/packages/b7/7e/649e7c3bb12ba938c387bcad6a6c0b84312663c9807ec1457888936690d8/bitarray-3.8.1-cp312-cp312-musllinux_1_2_ppc64le.whl", hash = "sha256:b46b7aec9272fd81c984e723e599957629a91204120b3e7f0933f138e0792fdf" },
    { url = "https://pypi.apple.com/packages/packages/cd/5f/db0fb71a7c6c3ef047b84256157e96fa35e10ed8b79b80e892d354ab37f6/bitarray-3.8.1-cp312-cp312-musllinux_1_2_s390x.whl", hash = "sha256:2dc07dab252c63c4f6600e200b26fa05207db6b650d41ae88ab0cec4d6c59459" },
    { url = "https://pypi.apple.com/packages/packages/b6/b6/a082d84cba7ba509b48d160034f6a2d31df6bf4fff0471801e888bba96c9/bitarray-3.8.1-cp312-cp312-musllinux_1_2_x86_64.whl", hash = "sha256:29c8c10a49d6a9586f592116618b99c3dabcb24d881b7a649e0691ef87f314c4" },
    { url = "https://pypi.apple.com/packages/packages/7f/b7/1ba7ec1f3aa62933dfef505b09de0b75778a3cb05984ee8bb798539381db/bitarray-3.8.1-cp312-cp312-win32.whl", hash = "sha256:67125404d12547443d74113862a80c10310cf875aff8dbfc5548fee1d9737123" },
    { url = "https://pypi.apple.com/packages/packages/82/30/5ff9d30a1121810f336517e51b1cbdea0fa92e92b142efe0741e335dc14e/bitarray-3.8.1-cp312-cp312-win_amd64.whl", hash = "sha256:ba0339d6aa80615a17f47fabc5700485e9469121d658458f95cdd2003288c28b" },
    { url = "https://pypi.apple.com/packages/packages/a6/08/51e49eb09ca45ecda4a5f05b70a10977a5f0ac39967c79479e9d3e41cb29/bitarray-3.8.1-cp312-cp312-win_arm64.whl", hash = "sha256:c0b367a00e8c88a714b2384c97dedcc85340547b3a54b6037a42fca5554d0576" },
    { url = "https://pypi.apple.com/packages/packages/13/79/015a30f40f716a0372907a7ac5c399db5428209dcf264b85ef1305f9b3e2/bitarray-3.8.1-cp313-cp313-macosx_10_13_x86_64.whl", hash = "sha256:55f4b105a1686eb486069a9e578d502d1998e890d8144012225de9e0450aeabd" },
    { url = "https://pypi.apple.com/packages/packages/23/fe/f70b150ea9a330daecc546a5a63576ba2d6b3bacc1ccde42abc9dd35a1ad/bitarray-3.8.1-cp313-cp313-macosx_11_0_arm64.whl", hash = "sha256:b3118ec012a799456f7fca6cc002c078590578b7640fbaab52d8ecb9a651f1c1" },
    { url = "https://pypi.apple.com/packages/packages/78/49/2c637658851ea0408c7375f5f278c0ebb69cbe861f8fcc9477db14ee7fa2/bitarray-3.8.1-cp313-cp313-manylinux2014_aarch64.manylinux_2_17_aarch64.manylinux_2_28_aarch64.whl", hash = "sha256:2762db8049b230520358ac742cbc57bceaacebe34e5d25c096f2b4bc3887a3a8" },
    { url = "https://pypi.apple.com/packages/packages/d3/3c/ae665a0b2d6183cc706c03b683b7f9ad53195731379ab82dfa537e73f70f/bitarray-3.8.1-cp313-cp313-manylinux2014_ppc64le.manylinux_2_17_ppc64le.manylinux_2_28_ppc64le.whl", hash = "sha256:5b67b869f860eb19055e2560844d8c7d0935245938935bdb764b3e683e2014e2" },
    { url = "https://pypi.apple.com/packages/packages/2a/ee/7b7c37fbb15209525f0daff1a51a042c035e931ebd526aabb483fdc7a476/bitarray-3.8.1-cp313-cp313-manylinux2014_s390x.manylinux_2_17_s390x.manylinux_2_28_s390x.whl", hash = "sha256:0a661f3492462e7adf8a054fb7414a22fc8251f1e18b9d8cbcf008d2dc85f012" },
    { url = "https://pypi.apple.com/packages/packages/96/dd/26a17534742561974e5b2a3448d70fd8d370ed885bd88bbbb36bdd022875/bitarray-3.8.1-cp313-cp313-manylinux2014_x86_64.manylinux_2_17_x86_64.manylinux_2_28_x86_64.whl", hash = "sha256:300e3026d17ae3328320ba78d3165bdb1c43d0dfdbc461a69ebbdc005d9ce0b3" },
    { url = "https://pypi.apple.com/packages/packages/58/f1/97410e88a8b441c1a6e5841c651e483787c3c87f2b98c1d2421aee23790d/bitarray-3.8.1-cp313-cp313-musllinux_1_2_aarch64.whl", hash = "sha256:ad5a71c1ef4a2e404c2c888db09226c821d9d14eff8813e1da873572f5fbb89d" },
    { url = "https://pypi.apple.com/packages/packages/64/1a/74a3af2d314ec6a035ae8f139491ace4fc8b3362bfdc86aee652b8f15be5/bitarray-3.8.1-cp313-cp313-musllinux_1_2_ppc64le.whl", hash = "sha256:78cbda57a2808d994517b53571eaa2d9299359f63aa71cf4bc94210169aad8b1" },
    { url = "https://pypi.apple.com/packages/packages/d8/86/01ea58ca9795401489f9de662ef9ba759d6712870696a5806441b2c14224/bitarray-3.8.1-cp313-cp313-musllinux_1_2_s390x.whl", hash = "sha256:89c7c125a0913d71ba9cc1fa8e14c7cfe1517b1c1f45416e1f9babcedd3b545d" },
    { url = "https://pypi.apple.com/packages/packages/68/c9/14587fd3c712047af60a875889ad69926386c3fdbf8061e9baf23d12d997/bitarray-3.8.1-cp313-cp313-musllinux_1_2_x86_64.whl", hash = "sha256:7875abfd90f2ae3aa22d50f3fa1c93bbae456458cc73d3179b838f07bed1fc10" },
    { url = "https://pypi.apple.com/packages/packages/5b/82/a8cc5172dba50c90d7cc89d9f5c1cfb99deb77af10b4762eb75ece52e20a/bitarray-3.8.1-cp313-cp313-win32.whl", hash = "sha256:21add0aa968496a2bd8341d85720d09808e22e0adc7dbefc1e0f8f67c4b83f36" },
    { url = "https://pypi.apple.com/packages/packages/7f/b2/f647dcd098c275a67b89d21c92471180996a797cec11e308b4d1936d170d/bitarray-3.8.1-cp313-cp313-win_amd64.whl", hash = "sha256:40d1b57012bf9b4fefd25345aaa95aab3ca510cc693f33c2cb02a4b771d8e51a" },
    { url = "https://pypi.apple.com/packages/packages/ba/78/bde39d566f70149c6858c7e61c0a0d902a643a136a56dd37b6135cc59a68/bitarray-3.8.1-cp313-cp313-win_arm64.whl", hash = "sha256:72b32d8c471930c95d49640ec99f7694f9b040ca1342ff03ed69d3aea90f9339" },
    { url = "https://pypi.apple.com/packages/packages/b0/3b/d07ee3ef120a3b3f1db2434c4b955fbf900bb3f878e25a71ee82408e9d91/bitarray-3.8.1-cp314-cp314-macosx_10_13_x86_64.whl", hash = "sha256:fe989bbed9d6f332c1e24d333936f3fa1375f380cd8028da0b985dcdefa6015a" },
    { url = "https://pypi.apple.com/packages/packages/ab/bf/43bf76bbf95354e74b80923e8aa7d6cb178e25546eeab0705524ad4d5171/bitarray-3.8.1-cp314-cp314-macosx_11_0_arm64.whl", hash = "sha256:75e33c9187da271d1dbeb2582ab2df2e441346492098f67559b09173ea4edde4" },
    { url = "https://pypi.apple.com/packages/packages/89/8c/868644e4f61220529ceea0be6dff1c659a7c20dc354f8c5aa367409e6150/bitarray-3.8.1-cp314-cp314-manylinux2014_aarch64.manylinux_2_17_aarch64.manylinux_2_28_aarch64.whl", hash = "sha256:fd7e3158be382f8f140caccc0dc7742a7553ce4bf2978982abe3054d2cedd705" },
    { url = "https://pypi.apple.com/packages/packages/f9/6f/0eb0ed1214bb6436e078a44006127685b587b6aeb1600bc2f77bf53e96b9/bitarray-3.8.1-cp314-cp314-manylinux2014_ppc64le.manylinux_2_17_ppc64le.manylinux_2_28_ppc64le.whl", hash = "sha256:9fa5620f7f352f9706924c0e2071a212be36421f09ee064b0fd7e1128289fcdb" },
    { url = "https://pypi.apple.com/packages/packages/25/eb/07d6ec5ad40792ff92857ac51cb91c01f855e3edb7b589eb099937420722/bitarray-3.8.1-cp314-cp314-manylinux2014_s390x.manylinux_2_17_s390x.manylinux_2_28_s390x.whl", hash = "sha256:190b20cbffc9cd7f308f7a57d406119c3af3ae197613325fd2d92d99c8882ad6" },
    { url = "https://pypi.apple.com/packages/packages/46/53/2c5d688ea0f91025d3fdd08e13f9d5195c384953961070ce79719efd18b3/bitarray-3.8.1-cp314-cp314-manylinux2014_x86_64.manylinux_2_17_x86_64.manylinux_2_28_x86_64.whl", hash = "sha256:ec3d0a6c37a816ea6e3550697c60d90861c9b0f982a98a40b59ac1f7a360bfa9" },
    { url = "https://pypi.apple.com/packages/packages/2e/8a/25a932f02a8d1ca0c97cae62399f475d219669dbfecca3b2d7567effec73/bitarray-3.8.1-cp314-cp314-musllinux_1_2_aarch64.whl", hash = "sha256:746e25f17ba4203b5933773782cf2d30bca5cdb66a9ba5d48a53a6c795aedc57" },
    { url = "https://pypi.apple.com/packages/packages/fe/a2/83fc66eb64ee0e74dc04894fbe8ae7e2d083c824ae9c1396d68a14c50760/bitarray-3.8.1-cp314-cp314-musllinux_1_2_ppc64le.whl", hash = "sha256:ab363a5baae965fb3438f2137583853ad9c77d7e45f2a62ba63e609a34d792ea" },
    { url = "https://pypi.apple.com/packages/packages/a1/60/eee517c36956d9fc8d4ae2b2fbcf9122477b0730dacd52a2800226b11e61/bitarray-3.8.1-cp314-cp314-musllinux_1_2_s390x.whl", hash = "sha256:5e30d8e399f38ae1ec86aa9be76d20ba15872dd0c41b4b46d1b78905857363b9" },
    { url = "https://pypi.apple.com/packages/packages/f4/a5/2d35fb2d1abc8afa4fef93f3ad96192eebd81595c3f9389a95f5d01ee782/bitarray-3.8.1-cp314-cp314-musllinux_1_2_x86_64.whl", hash = "sha256:0f099a4a77daf9bb99787070854894fe588c7d6988ea729f970ba2b3b82c7559" },
    { url = "https://pypi.apple.com/packages/packages/f4/b5/64d6d485725076472e0f151643ac4fa78ed54f10f6b7bf9620690a24af7a/bitarray-3.8.1-cp314-cp314-win32.whl", hash = "sha256:539880ddf9a8cc54c9e6126e7d072c991563f0c90ef73b3519a783d53df00352" },
    { url = "https://pypi.apple.com/packages/packages/04/e9/cf02dfac88f4c7d3de2dbafec4ec0616eaf9547dd7be98e81dc0fde97a77/bitarray-3.8.1-cp314-cp314-win_amd64.whl", hash = "sha256:c08cd5b19c570e1e9e094a6ce70d35bb39d12360e0763474ed9374229f174fcc" },
    { url = "https://pypi.apple.com/packages/packages/ef/a8/8e56397347bad7b042aefee9afc0cb085f2a779f7c8cc38954b12671d37c/bitarray-3.8.1-cp314-cp314-win_arm64.whl", hash = "sha256:0da5f17bed67ffe1d72f79fbf98403513a6e51a4f9b8293c1ff8a64e121242be" },
    { url = "https://pypi.apple.com/packages/packages/ff/a6/52bcd001c5cdf5c381a7317b07157070be1a6bc7fa5d58314ef6da33626b/bitarray-3.8.1-cp314-cp314t-macosx_10_13_x86_64.whl", hash = "sha256:154a19e1dcd430494fdad7d1a0fb36383baaa363e1cb9d5a7b744cd2418c44d2" },
    { url = "https://pypi.apple.com/packages/packages/b6/22/86f51124a9d0e622be0bd171b797e0d507d5c9d6f76f5b97cb12e4ecf113/bitarray-3.8.1-cp314-cp314t-macosx_11_0_arm64.whl", hash = "sha256:814bb54db2a016026efc055a3527461e5eb551c0d91b32eeade003829ff84311" },
    { url = "https://pypi.apple.com/packages/packages/eb/d4/2153c6de23e26d0bfa65e0994ef771f06f8697a9ae65473923f6922ab1b9/bitarray-3.8.1-cp314-cp314t-manylinux2014_aarch64.manylinux_2_17_aarch64.manylinux_2_28_aarch64.whl", hash = "sha256:ac49519fcfeb4a7ecdf6b7d0ec6cac409e59f94c1bb54630db577a97893b6e38" },
    { url = "https://pypi.apple.com/packages/packages/55/bd/6ff9be5965c11e2f67bec674cd1bbe41e81531ec970251986f4d4978a72d/bitarray-3.8.1-cp314-cp314t-manylinux2014_ppc64le.manylinux_2_17_ppc64le.manylinux_2_28_ppc64le.whl", hash = "sha256:329b994944993c45c3845047476ef4f231fe1a53972f18f8d005fd12fac163e1" },
    { url = "https://pypi.apple.com/packages/packages/7d/24/9aca563d253ed28be47b9a8d5f2fe0942e0191bc4ef49589e7670177807c/bitarray-3.8.1-cp314-cp314t-manylinux2014_s390x.manylinux_2_17_s390x.manylinux_2_28_s390x.whl", hash = "sha256:1d7b786a1ddd9b8dda17c445060a94a465cba2e113603ae7bdc5364efc1efd11" },
    { url = "https://pypi.apple.com/packages/packages/be/e2/81ac4c98694857b7eabdb9ada77db5b44fb6b6d5d19a3a716fb8a486c251/bitarray-3.8.1-cp314-cp314t-manylinux2014_x86_64.manylinux_2_17_x86_64.manylinux_2_28_x86_64.whl", hash = "sha256:cd9b848c17ef034f2ae31b2a1bd9276710c2baf03509f1f3fa4dc4382b0a1b53" },
    { url = "https://pypi.apple.com/packages/packages/ee/c5/2107bf1474a139f934621703135985f2acfae92d786561edde62ec557f60/bitarray-3.8.1-cp314-cp314t-musllinux_1_2_aarch64.whl", hash = "sha256:0a33f8931ac91ebc23ce4decb99ed8fdddba2bafd2af3bb2781bcfd9878d4822" },
    { url = "https://pypi.apple.com/packages/packages/31/95/a3d2571055279a09373d1f93249404ac37a34045e334935adbc2ce780f83/bitarray-3.8.1-cp314-cp314t-musllinux_1_2_ppc64le.whl", hash = "sha256:07626f76a248fce5ebbb10fb0d4899d3c7f908ba21cb2fb4f5a7a9daf24c20cd" },
    { url = "https://pypi.apple.com/packages/packages/ef/56/7fad5bb52c0b9cdcdea4405f5d9a41f5efbf2873045d668bc2b8db10213b/bitarray-3.8.1-cp314-cp314t-musllinux_1_2_s390x.whl", hash = "sha256:18f3a2c8908e63a66d3994808254397a5f989b1fb91087c33739f62bf1a1a064" },
    { url = "https://pypi.apple.com/packages/packages/10/b0/a23a1c312206c65146021aea68d69c8c7d817ae2f99698cbc23b3c744bba/bitarray-3.8.1-cp314-cp314t-musllinux_1_2_x86_64.whl", hash = "sha256:ced27af6aee28782260bfa5643797937e96a6489bca972202834017208cf74f5" },
    { url = "https://pypi.apple.com/packages/packages/a4/a0/fe5dbdfadcba2314551614d023db100e3aea7b09da2cdcbf1386f5c797a6/bitarray-3.8.1-cp314-cp314t-win32.whl", hash = "sha256:cf99e36c0f6ae5643ecef7ad7e1194aeb4a9798d9cff60b20ac041533fa6db0a" },
    { url = "https://pypi.apple.com/packages/packages/4e/0a/e95ed44f6d89e63ed666755fc0773223b10df0058d5de30d529f4cf35948/bitarray-3.8.1-cp314-cp314t-win_amd64.whl", hash = "sha256:9befda0dbd27ed95fba1c26be4bf98a49ba166b3c91beb5fc04364c130ce950c" },
    { url = "https://pypi.apple.com/packages/packages/0f/90/454b88b193743b4cd0fce0819a11b1c43b7f629cb2533f6ddc62cbb5e097/bitarray-3.8.1-cp314-cp314t-win_arm64.whl", hash = "sha256:4b7d7d10a1c82050efbb9a83d7a43974f70cf8f021afb86463b42e4ac4e5a46b" },
]

[[package]]
name = "bitstring"
version = "4.4.0"
source = { registry = "https://pypi.apple.com/simple" }
dependencies = [
    { name = "bitarray" },
    { name = "tibs" },
]
sdist = { url = "https://pypi.apple.com/packages/packages/36/d3/de6fe4e7065df8c2f1ac1766f5fdccbe75bc18af2cf2dbeecd34d68e1518/bitstring-4.4.0.tar.gz", hash = "sha256:e682ac522bb63e041d16cbc9d0ca86a4f00194db16d0847c7efe066f836b2e37" }
wheels = [
    { url = "https://pypi.apple.com/packages/packages/bf/02/1a870bab76f2896d827aa4963be95e56675ffa1453e53525d13c43036edf/bitstring-4.4.0-py3-none-any.whl", hash = "sha256:feac49524fcf3ef27e6081e86f02b10d2adf6c3773bf22fbe0e7eea9534bc737" },
]

[[package]]
name = "click"
version = "8.3.3"
source = { registry = "https://pypi.apple.com/simple" }
dependencies = [
    { name = "colorama", marker = "sys_platform == 'win32'" },
]
sdist = { url = "https://pypi.apple.com/packages/packages/bb/63/f9e1ea081ce35720d8b92acde70daaedace594dc93b693c869e0d5910718/click-8.3.3.tar.gz", hash = "sha256:398329ad4837b2ff7cbe1dd166a4c0f8900c3ca3a218de04466f38f6497f18a2" }
wheels = [
    { url = "https://pypi.apple.com/packages/packages/ae/44/c1221527f6a71a01ec6fbad7fa78f1d50dfa02217385cf0fa3eec7087d59/click-8.3.3-py3-none-any.whl", hash = "sha256:a2bf429bb3033c89fa4936ffb35d5cb471e3719e1f3c8a7c3fff0b8314305613" },
]

[[package]]
name = "colorama"
version = "0.4.6"
source = { registry = "https://pypi.apple.com/simple" }
sdist = { url = "https://pypi.apple.com/packages/packages/d8/53/6f443c9a4a8358a93a6792e2acffb9d9d5cb0a5cfd8802644b7b1c9a02e4/colorama-0.4.6.tar.gz", hash = "sha256:08695f5cb7ed6e0531a20572697297273c47b8cae5a63ffc6d6ed5c201be6e44" }
wheels = [
    { url = "https://pypi.apple.com/packages/packages/d1/d6/3965ed04c63042e047cb6a3e6ed1a63a35087b6a609aa3a15ed8ac56c221/colorama-0.4.6-py2.py3-none-any.whl", hash = "sha256:4f1d9991f5acc0ca119f9d443620b77f9d6b33703e51011c16baf57afb285fc6" },
]

[[package]]
name = "decorator"
version = "5.2.1"
source = { registry = "https://pypi.apple.com/simple" }
sdist = { url = "https://pypi.apple.com/packages/packages/43/fa/6d96a0978d19e17b68d634497769987b16c8f4cd0a7a05048bec693caa6b/decorator-5.2.1.tar.gz", hash = "sha256:65f266143752f734b0a7cc83c46f4618af75b8c5911b00ccb61d0ac9b6da0360" }
wheels = [
    { url = "https://pypi.apple.com/packages/packages/4e/8c/f3147f5c4b73e7550fe5f9352eaa956ae838d5c51eb58e7a25b9f3e2643b/decorator-5.2.1-py3-none-any.whl", hash = "sha256:d316bb415a2d9e2d2b3abcc4084c6502fc09240e292cd76a76afc106a1c8e04a" },
]

[[package]]
name = "executing"
version = "2.2.1"
source = { registry = "https://pypi.apple.com/simple" }
sdist = { url = "https://pypi.apple.com/packages/packages/cc/28/c14e053b6762b1044f34a13aab6859bbf40456d37d23aa286ac24cfd9a5d/executing-2.2.1.tar.gz", hash = "sha256:3632cc370565f6648cc328b32435bd120a1e4ebb20c77e3fdde9a13cd1e533c4" }
wheels = [
    { url = "https://pypi.apple.com/packages/packages/c1/ea/53f2148663b321f21b5a606bd5f191517cf40b7072c0497d3c92c4a13b1e/executing-2.2.1-py2.py3-none-any.whl", hash = "sha256:760643d3452b4d777d295bb167ccc74c64a81df23fb5e08eff250c425a4b2017" },
]

[[package]]
name = "iniconfig"
version = "2.3.0"
source = { registry = "https://pypi.apple.com/simple" }
sdist = { url = "https://pypi.apple.com/packages/packages/72/34/14ca021ce8e5dfedc35312d08ba8bf51fdd999c576889fc2c24cb97f4f10/iniconfig-2.3.0.tar.gz", hash = "sha256:c76315c77db068650d49c5b56314774a7804df16fee4402c1f19d6d15d8c4730" }
wheels = [
    { url = "https://pypi.apple.com/packages/packages/cb/b1/3846dd7f199d53cb17f49cba7e651e9ce294d8497c8c150530ed11865bb8/iniconfig-2.3.0-py3-none-any.whl", hash = "sha256:f631c04d2c48c52b84d0d0549c99ff3859c98df65b3101406327ecc7d53fbf12" },
]

[[package]]
name = "ipython"
version = "9.13.0"
source = { registry = "https://pypi.apple.com/simple" }
dependencies = [
    { name = "colorama", marker = "sys_platform == 'win32'" },
    { name = "decorator" },
    { name = "ipython-pygments-lexers" },
    { name = "jedi" },
    { name = "matplotlib-inline" },
    { name = "pexpect", marker = "sys_platform != 'emscripten' and sys_platform != 'win32'" },
    { name = "prompt-toolkit" },
    { name = "psutil" },
    { name = "pygments" },
    { name = "stack-data" },
    { name = "traitlets" },
    { name = "typing-extensions", marker = "python_full_version < '3.12'" },
]
sdist = { url = "https://pypi.apple.com/packages/packages/cd/c4/87cda5842cf5c31837c06ddb588e11c3c35d8ece89b7a0108c06b8c9b00a/ipython-9.13.0.tar.gz", hash = "sha256:7e834b6afc99f020e3f05966ced34792f40267d64cb1ea9043886dab0dde5967" }
wheels = [
    { url = "https://pypi.apple.com/packages/packages/b9/86/3060e8029b7cc505cce9a0137431dda81d0a3fde93a8f0f50ee0bf37a795/ipython-9.13.0-py3-none-any.whl", hash = "sha256:57f9d4639e20818d328d287c7b549af3d05f12486ea8f2e7f73e52a36ec4d201" },
]

[[package]]
name = "ipython-pygments-lexers"
version = "1.1.1"
source = { registry = "https://pypi.apple.com/simple" }
dependencies = [
    { name = "pygments" },
]
sdist = { url = "https://pypi.apple.com/packages/packages/ef/4c/5dd1d8af08107f88c7f741ead7a40854b8ac24ddf9ae850afbcf698aa552/ipython_pygments_lexers-1.1.1.tar.gz", hash = "sha256:09c0138009e56b6854f9535736f4171d855c8c08a563a0dcd8022f78355c7e81" }
wheels = [
    { url = "https://pypi.apple.com/packages/packages/d9/33/1f075bf72b0b747cb3288d011319aaf64083cf2efef8354174e3ed4540e2/ipython_pygments_lexers-1.1.1-py3-none-any.whl", hash = "sha256:a9462224a505ade19a605f71f8fa63c2048833ce50abc86768a0d81d876dc81c" },
]

[[package]]
name = "jedi"
version = "0.20.0"
source = { registry = "https://pypi.apple.com/simple" }
dependencies = [
    { name = "parso" },
]
sdist = { url = "https://pypi.apple.com/packages/packages/46/b7/a3635f6a2d7cf5b5dd98064fc1d5fbbafcb25477bcea204a3a92145d158b/jedi-0.20.0.tar.gz", hash = "sha256:c3f4ccbd276696f4b19c54618d4fb18f9fc24b0aef02acf704b23f487daa1011" }
wheels = [
    { url = "https://pypi.apple.com/packages/packages/9a/93/242e2eab5fe682ffcb8b0084bde703a41d51e17ee0f3a31ff0d9d813620a/jedi-0.20.0-py2.py3-none-any.whl", hash = "sha256:7bdd9c2634f56713299976f4cbd59cb3fa92165cc5e05ea811fb253480728b67" },
]

[[package]]
name = "markdown-it-py"
version = "4.0.0"
source = { registry = "https://pypi.apple.com/simple" }
dependencies = [
    { name = "mdurl" },
]
sdist = { url = "https://pypi.apple.com/packages/packages/5b/f5/4ec618ed16cc4f8fb3b701563655a69816155e79e24a17b651541804721d/markdown_it_py-4.0.0.tar.gz", hash = "sha256:cb0a2b4aa34f932c007117b194e945bd74e0ec24133ceb5bac59009cda1cb9f3" }
wheels = [
    { url = "https://pypi.apple.com/packages/packages/94/54/e7d793b573f298e1c9013b8c4dade17d481164aa517d1d7148619c2cedbf/markdown_it_py-4.0.0-py3-none-any.whl", hash = "sha256:87327c59b172c5011896038353a81343b6754500a08cd7a4973bb48c6d578147" },
]

[[package]]
name = "matplotlib-inline"
version = "0.2.1"
source = { registry = "https://pypi.apple.com/simple" }
dependencies = [
    { name = "traitlets" },
]
sdist = { url = "https://pypi.apple.com/packages/packages/c7/74/97e72a36efd4ae2bccb3463284300f8953f199b5ffbc04cbbb0ec78f74b1/matplotlib_inline-0.2.1.tar.gz", hash = "sha256:e1ee949c340d771fc39e241ea75683deb94762c8fa5f2927ec57c83c4dffa9fe" }
wheels = [
    { url = "https://pypi.apple.com/packages/packages/af/33/ee4519fa02ed11a94aef9559552f3b17bb863f2ecfe1a35dc7f548cde231/matplotlib_inline-0.2.1-py3-none-any.whl", hash = "sha256:d56ce5156ba6085e00a9d54fead6ed29a9c47e215cd1bba2e976ef39f5710a76" },
]

[[package]]
name = "mdurl"
version = "0.1.2"
source = { registry = "https://pypi.apple.com/simple" }
sdist = { url = "https://pypi.apple.com/packages/packages/d6/54/cfe61301667036ec958cb99bd3efefba235e65cdeb9c84d24a8293ba1d90/mdurl-0.1.2.tar.gz", hash = "sha256:bb413d29f5eea38f31dd4754dd7377d4465116fb207585f97bf925588687c1ba" }
wheels = [
    { url = "https://pypi.apple.com/packages/packages/b3/38/89ba8ad64ae25be8de66a6d463314cf1eb366222074cfda9ee839c56a4b4/mdurl-0.1.2-py3-none-any.whl", hash = "sha256:84008a41e51615a49fc9966191ff91509e3c40b939176e643fd50a5c2196b8f8" },
]

[[package]]
name = "packaging"
version = "26.2"
source = { registry = "https://pypi.apple.com/simple" }
sdist = { url = "https://pypi.apple.com/packages/packages/d7/f1/e7a6dd94a8d4a5626c03e4e99c87f241ba9e350cd9e6d75123f992427270/packaging-26.2.tar.gz", hash = "sha256:ff452ff5a3e828ce110190feff1178bb1f2ea2281fa2075aadb987c2fb221661" }
wheels = [
    { url = "https://pypi.apple.com/packages/packages/df/b2/87e62e8c3e2f4b32e5fe99e0b86d576da1312593b39f47d8ceef365e95ed/packaging-26.2-py3-none-any.whl", hash = "sha256:5fc45236b9446107ff2415ce77c807cee2862cb6fac22b8a73826d0693b0980e" },
]

[[package]]
name = "parso"
version = "0.8.7"
source = { registry = "https://pypi.apple.com/simple" }
sdist = { url = "https://pypi.apple.com/packages/packages/30/4b/90c937815137d43ce71ba043cd3566221e9df6b9c805f24b5d138c9d40a7/parso-0.8.7.tar.gz", hash = "sha256:eaaac4c9fdd5e9e8852dc778d2d7405897ec510f2a298071453e5e3a07914bb1" }
wheels = [
    { url = "https://pypi.apple.com/packages/packages/99/5d/8268b644392ee874ee82a635cd0df1773de230bde356c38de28e298392cc/parso-0.8.7-py2.py3-none-any.whl", hash = "sha256:a8926eb2a1b915486941fdbd31e86a4baf88fe8c210f25f2f35ecec5b574ca1c" },
]

[[package]]
name = "pexpect"
version = "4.9.0"
source = { registry = "https://pypi.apple.com/simple" }
dependencies = [
    { name = "ptyprocess" },
]
sdist = { url = "https://pypi.apple.com/packages/packages/42/92/cc564bf6381ff43ce1f4d06852fc19a2f11d180f23dc32d9588bee2f149d/pexpect-4.9.0.tar.gz", hash = "sha256:ee7d41123f3c9911050ea2c2dac107568dc43b2d3b0c7557a33212c398ead30f" }
wheels = [
    { url = "https://pypi.apple.com/packages/packages/9e/c3/059298687310d527a58bb01f3b1965787ee3b40dce76752eda8b44e9a2c5/pexpect-4.9.0-py2.py3-none-any.whl", hash = "sha256:7236d1e080e4936be2dc3e326cec0af72acf9212a7e1d060210e70a47e253523" },
]

[[package]]
name = "pluggy"
version = "1.6.0"
source = { registry = "https://pypi.apple.com/simple" }
sdist = { url = "https://pypi.apple.com/packages/packages/f9/e2/3e91f31a7d2b083fe6ef3fa267035b518369d9511ffab804f839851d2779/pluggy-1.6.0.tar.gz", hash = "sha256:7dcc130b76258d33b90f61b658791dede3486c3e6bfb003ee5c9bfb396dd22f3" }
wheels = [
    { url = "https://pypi.apple.com/packages/packages/54/20/4d324d65cc6d9205fabedc306948156824eb9f0ee1633355a8f7ec5c66bf/pluggy-1.6.0-py3-none-any.whl", hash = "sha256:e920276dd6813095e9377c0bc5566d94c932c33b27a3e3945d8389c374dd4746" },
]

[[package]]
name = "prompt-toolkit"
version = "3.0.52"
source = { registry = "https://pypi.apple.com/simple" }
dependencies = [
    { name = "wcwidth" },
]
sdist = { url = "https://pypi.apple.com/packages/packages/a1/96/06e01a7b38dce6fe1db213e061a4602dd6032a8a97ef6c1a862537732421/prompt_toolkit-3.0.52.tar.gz", hash = "sha256:28cde192929c8e7321de85de1ddbe736f1375148b02f2e17edd840042b1be855" }
wheels = [
    { url = "https://pypi.apple.com/packages/packages/84/03/0d3ce49e2505ae70cf43bc5bb3033955d2fc9f932163e84dc0779cc47f48/prompt_toolkit-3.0.52-py3-none-any.whl", hash = "sha256:9aac639a3bbd33284347de5ad8d68ecc044b91a762dc39b7c21095fcd6a19955" },
]

[[package]]
name = "psutil"
version = "7.2.2"
source = { registry = "https://pypi.apple.com/simple" }
sdist = { url = "https://pypi.apple.com/packages/packages/aa/c6/d1ddf4abb55e93cebc4f2ed8b5d6dbad109ecb8d63748dd2b20ab5e57ebe/psutil-7.2.2.tar.gz", hash = "sha256:0746f5f8d406af344fd547f1c8daa5f5c33dbc293bb8d6a16d80b4bb88f59372" }
wheels = [
    { url = "https://pypi.apple.com/packages/packages/51/08/510cbdb69c25a96f4ae523f733cdc963ae654904e8db864c07585ef99875/psutil-7.2.2-cp313-cp313t-macosx_10_13_x86_64.whl", hash = "sha256:2edccc433cbfa046b980b0df0171cd25bcaeb3a68fe9022db0979e7aa74a826b" },
    { url = "https://pypi.apple.com/packages/packages/d6/f5/97baea3fe7a5a9af7436301f85490905379b1c6f2dd51fe3ecf24b4c5fbf/psutil-7.2.2-cp313-cp313t-macosx_11_0_arm64.whl", hash = "sha256:e78c8603dcd9a04c7364f1a3e670cea95d51ee865e4efb3556a3a63adef958ea" },
    { url = "https://pypi.apple.com/packages/packages/37/d6/246513fbf9fa174af531f28412297dd05241d97a75911ac8febefa1a53c6/psutil-7.2.2-cp313-cp313t-manylinux2010_x86_64.manylinux_2_12_x86_64.manylinux_2_28_x86_64.whl", hash = "sha256:1a571f2330c966c62aeda00dd24620425d4b0cc86881c89861fbc04549e5dc63" },
    { url = "https://pypi.apple.com/packages/packages/b8/b5/9182c9af3836cca61696dabe4fd1304e17bc56cb62f17439e1154f225dd3/psutil-7.2.2-cp313-cp313t-manylinux2014_aarch64.manylinux_2_17_aarch64.manylinux_2_28_aarch64.whl", hash = "sha256:917e891983ca3c1887b4ef36447b1e0873e70c933afc831c6b6da078ba474312" },
    { url = "https://pypi.apple.com/packages/packages/16/ba/0756dca669f5a9300d0cbcbfae9a4c30e446dfc7440ffe43ded5724bfd93/psutil-7.2.2-cp313-cp313t-win_amd64.whl", hash = "sha256:ab486563df44c17f5173621c7b198955bd6b613fb87c71c161f827d3fb149a9b" },
    { url = "https://pypi.apple.com/packages/packages/1c/61/8fa0e26f33623b49949346de05ec1ddaad02ed8ba64af45f40a147dbfa97/psutil-7.2.2-cp313-cp313t-win_arm64.whl", hash = "sha256:ae0aefdd8796a7737eccea863f80f81e468a1e4cf14d926bd9b6f5f2d5f90ca9" },
    { url = "https://pypi.apple.com/packages/packages/81/69/ef179ab5ca24f32acc1dac0c247fd6a13b501fd5534dbae0e05a1c48b66d/psutil-7.2.2-cp314-cp314t-macosx_10_15_x86_64.whl", hash = "sha256:eed63d3b4d62449571547b60578c5b2c4bcccc5387148db46e0c2313dad0ee00" },
    { url = "https://pypi.apple.com/packages/packages/7b/64/665248b557a236d3fa9efc378d60d95ef56dd0a490c2cd37dafc7660d4a9/psutil-7.2.2-cp314-cp314t-macosx_11_0_arm64.whl", hash = "sha256:7b6d09433a10592ce39b13d7be5a54fbac1d1228ed29abc880fb23df7cb694c9" },
    { url = "https://pypi.apple.com/packages/packages/d5/2e/e6782744700d6759ebce3043dcfa661fb61e2fb752b91cdeae9af12c2178/psutil-7.2.2-cp314-cp314t-manylinux2010_x86_64.manylinux_2_12_x86_64.manylinux_2_28_x86_64.whl", hash = "sha256:1fa4ecf83bcdf6e6c8f4449aff98eefb5d0604bf88cb883d7da3d8d2d909546a" },
    { url = "https://pypi.apple.com/packages/packages/57/49/0a41cefd10cb7505cdc04dab3eacf24c0c2cb158a998b8c7b1d27ee2c1f5/psutil-7.2.2-cp314-cp314t-manylinux2014_aarch64.manylinux_2_17_aarch64.manylinux_2_28_aarch64.whl", hash = "sha256:e452c464a02e7dc7822a05d25db4cde564444a67e58539a00f929c51eddda0cf" },
    { url = "https://pypi.apple.com/packages/packages/dd/2c/ff9bfb544f283ba5f83ba725a3c5fec6d6b10b8f27ac1dc641c473dc390d/psutil-7.2.2-cp314-cp314t-win_amd64.whl", hash = "sha256:c7663d4e37f13e884d13994247449e9f8f574bc4655d509c3b95e9ec9e2b9dc1" },
    { url = "https://pypi.apple.com/packages/packages/f2/fc/f8d9c31db14fcec13748d373e668bc3bed94d9077dbc17fb0eebc073233c/psutil-7.2.2-cp314-cp314t-win_arm64.whl", hash = "sha256:11fe5a4f613759764e79c65cf11ebdf26e33d6dd34336f8a337aa2996d71c841" },
    { url = "https://pypi.apple.com/packages/packages/e7/36/5ee6e05c9bd427237b11b3937ad82bb8ad2752d72c6969314590dd0c2f6e/psutil-7.2.2-cp36-abi3-macosx_10_9_x86_64.whl", hash = "sha256:ed0cace939114f62738d808fdcecd4c869222507e266e574799e9c0faa17d486" },
    { url = "https://pypi.apple.com/packages/packages/80/c4/f5af4c1ca8c1eeb2e92ccca14ce8effdeec651d5ab6053c589b074eda6e1/psutil-7.2.2-cp36-abi3-macosx_11_0_arm64.whl", hash = "sha256:1a7b04c10f32cc88ab39cbf606e117fd74721c831c98a27dc04578deb0c16979" },
    { url = "https://pypi.apple.com/packages/packages/b5/70/5d8df3b09e25bce090399cf48e452d25c935ab72dad19406c77f4e828045/psutil-7.2.2-cp36-abi3-manylinux2010_x86_64.manylinux_2_12_x86_64.manylinux_2_28_x86_64.whl", hash = "sha256:076a2d2f923fd4821644f5ba89f059523da90dc9014e85f8e45a5774ca5bc6f9" },
    { url = "https://pypi.apple.com/packages/packages/63/65/37648c0c158dc222aba51c089eb3bdfa238e621674dc42d48706e639204f/psutil-7.2.2-cp36-abi3-manylinux2014_aarch64.manylinux_2_17_aarch64.manylinux_2_28_aarch64.whl", hash = "sha256:b0726cecd84f9474419d67252add4ac0cd9811b04d61123054b9fb6f57df6e9e" },
    { url = "https://pypi.apple.com/packages/packages/8e/13/125093eadae863ce03c6ffdbae9929430d116a246ef69866dad94da3bfbc/psutil-7.2.2-cp36-abi3-musllinux_1_2_aarch64.whl", hash = "sha256:fd04ef36b4a6d599bbdb225dd1d3f51e00105f6d48a28f006da7f9822f2606d8" },
    { url = "https://pypi.apple.com/packages/packages/04/78/0acd37ca84ce3ddffaa92ef0f571e073faa6d8ff1f0559ab1272188ea2be/psutil-7.2.2-cp36-abi3-musllinux_1_2_x86_64.whl", hash = "sha256:b58fabe35e80b264a4e3bb23e6b96f9e45a3df7fb7eed419ac0e5947c61e47cc" },
    { url = "https://pypi.apple.com/packages/packages/b4/90/e2159492b5426be0c1fef7acba807a03511f97c5f86b3caeda6ad92351a7/psutil-7.2.2-cp37-abi3-win_amd64.whl", hash = "sha256:eb7e81434c8d223ec4a219b5fc1c47d0417b12be7ea866e24fb5ad6e84b3d988" },
    { url = "https://pypi.apple.com/packages/packages/8c/c7/7bb2e321574b10df20cbde462a94e2b71d05f9bbda251ef27d104668306a/psutil-7.2.2-cp37-abi3-win_arm64.whl", hash = "sha256:8c233660f575a5a89e6d4cb65d9f938126312bca76d8fe087b947b3a1aaac9ee" },
]

[[package]]
name = "ptyprocess"
version = "0.7.0"
source = { registry = "https://pypi.apple.com/simple" }
sdist = { url = "https://pypi.apple.com/packages/packages/20/e5/16ff212c1e452235a90aeb09066144d0c5a6a8c0834397e03f5224495c4e/ptyprocess-0.7.0.tar.gz", hash = "sha256:5c5d0a3b48ceee0b48485e0c26037c0acd7d29765ca3fbb5cb3831d347423220" }
wheels = [
    { url = "https://pypi.apple.com/packages/packages/22/a6/858897256d0deac81a172289110f31629fc4cee19b6f01283303e18c8db3/ptyprocess-0.7.0-py2.py3-none-any.whl", hash = "sha256:4b41f3967fce3af57cc7e94b888626c18bf37a083e3651ca8feeb66d492fef35" },
]

[[package]]
name = "pure-eval"
version = "0.2.3"
source = { registry = "https://pypi.apple.com/simple" }
sdist = { url = "https://pypi.apple.com/packages/packages/cd/05/0a34433a064256a578f1783a10da6df098ceaa4a57bbeaa96a6c0352786b/pure_eval-0.2.3.tar.gz", hash = "sha256:5f4e983f40564c576c7c8635ae88db5956bb2229d7e9237d03b3c0b0190eaf42" }
wheels = [
    { url = "https://pypi.apple.com/packages/packages/8e/37/efad0257dc6e593a18957422533ff0f87ede7c9c6ea010a2177d738fb82f/pure_eval-0.2.3-py3-none-any.whl", hash = "sha256:1db8e35b67b3d218d818ae653e27f06c3aa420901fa7b081ca98cbedc874e0d0" },
]

[[package]]
name = "pygments"
version = "2.20.0"
source = { registry = "https://pypi.apple.com/simple" }
sdist = { url = "https://pypi.apple.com/packages/packages/c3/b2/bc9c9196916376152d655522fdcebac55e66de6603a76a02bca1b6414f6c/pygments-2.20.0.tar.gz", hash = "sha256:6757cd03768053ff99f3039c1a36d6c0aa0b263438fcab17520b30a303a82b5f" }
wheels = [
    { url = "https://pypi.apple.com/packages/packages/f4/7e/a72dd26f3b0f4f2bf1dd8923c85f7ceb43172af56d63c7383eb62b332364/pygments-2.20.0-py3-none-any.whl", hash = "sha256:81a9e26dd42fd28a23a2d169d86d7ac03b46e2f8b59ed4698fb4785f946d0176" },
]

[[package]]
name = "pytest"
version = "9.0.3"
source = { registry = "https://pypi.apple.com/simple" }
dependencies = [
    { name = "colorama", marker = "sys_platform == 'win32'" },
    { name = "iniconfig" },
    { name = "packaging" },
    { name = "pluggy" },
    { name = "pygments" },
]
sdist = { url = "https://pypi.apple.com/packages/packages/7d/0d/549bd94f1a0a402dc8cf64563a117c0f3765662e2e668477624baeec44d5/pytest-9.0.3.tar.gz", hash = "sha256:b86ada508af81d19edeb213c681b1d48246c1a91d304c6c81a427674c17eb91c" }
wheels = [
    { url = "https://pypi.apple.com/packages/packages/d4/24/a372aaf5c9b7208e7112038812994107bc65a84cd00e0354a88c2c77a617/pytest-9.0.3-py3-none-any.whl", hash = "sha256:2c5efc453d45394fdd706ade797c0a81091eccd1d6e4bccfcd476e2b8e0ab5d9" },
]

[[package]]
name = "python-algorithms"
version = "0.1.0"
source = { editable = "." }
dependencies = [
    { name = "bitstring" },
    { name = "click" },
    { name = "rich" },
]

[package.dev-dependencies]
dev = [
    { name = "ipython" },
]
test = [
    { name = "pytest" },
]

[package.metadata]
requires-dist = [
    { name = "bitstring" },
    { name = "click" },
    { name = "rich" },
]

[package.metadata.requires-dev]
dev = [{ name = "ipython" }]
test = [{ name = "pytest" }]

[[package]]
name = "rich"
version = "15.0.0"
source = { registry = "https://pypi.apple.com/simple" }
dependencies = [
    { name = "markdown-it-py" },
    { name = "pygments" },
]
sdist = { url = "https://pypi.apple.com/packages/packages/c0/8f/0722ca900cc807c13a6a0c696dacf35430f72e0ec571c4275d2371fca3e9/rich-15.0.0.tar.gz", hash = "sha256:edd07a4824c6b40189fb7ac9bc4c52536e9780fbbfbddf6f1e2502c31b068c36" }
wheels = [
    { url = "https://pypi.apple.com/packages/packages/82/3b/64d4899d73f91ba49a8c18a8ff3f0ea8f1c1d75481760df8c68ef5235bf5/rich-15.0.0-py3-none-any.whl", hash = "sha256:33bd4ef74232fb73fe9279a257718407f169c09b78a87ad3d296f548e27de0bb" },
]

[[package]]
name = "stack-data"
version = "0.6.3"
source = { registry = "https://pypi.apple.com/simple" }
dependencies = [
    { name = "asttokens" },
    { name = "executing" },
    { name = "pure-eval" },
]
sdist = { url = "https://pypi.apple.com/packages/packages/28/e3/55dcc2cfbc3ca9c29519eb6884dd1415ecb53b0e934862d3559ddcb7e20b/stack_data-0.6.3.tar.gz", hash = "sha256:836a778de4fec4dcd1dcd89ed8abff8a221f58308462e1c4aa2a3cf30148f0b9" }
wheels = [
    { url = "https://pypi.apple.com/packages/packages/f1/7b/ce1eafaf1a76852e2ec9b22edecf1daa58175c090266e9f6c64afcd81d91/stack_data-0.6.3-py3-none-any.whl", hash = "sha256:d5558e0c25a4cb0853cddad3d77da9891a08cb85dd9f9f91b9f8cd66e511e695" },
]

[[package]]
name = "tibs"
version = "0.5.7"
source = { registry = "https://pypi.apple.com/simple" }
sdist = { url = "https://pypi.apple.com/packages/packages/57/cd/6cf028decf1c2df4d26077dd5d0532587d93d4917233d5e004133166a940/tibs-0.5.7.tar.gz", hash = "sha256:173dfbecb2309edd9771f453580c88cf251e775613461566b23dbd756b3d54cb" }
wheels = [
    { url = "https://pypi.apple.com/packages/packages/a5/4f/1149a5cf2c1be6862e1dcba0c22134c43c44f05ddeef4697ecf20067e508/tibs-0.5.7-cp314-cp314t-macosx_10_12_x86_64.whl", hash = "sha256:01ea5258bdf942d21560dc07d532082cd04f07cfef65fedd58ae84f7d0d2562a" },
    { url = "https://pypi.apple.com/packages/packages/eb/af/59041580d51eb06077029cc64f0b2f9165b1c87075b7fe85f400e01ec6f9/tibs-0.5.7-cp314-cp314t-macosx_11_0_arm64.whl", hash = "sha256:f5eea45851c960628a2bd29847765d55e19a687c5374456ad2c8cf6410eb1efa" },
    { url = "https://pypi.apple.com/packages/packages/ee/73/3b614d39221f02fca2f37dcdc1c65e25c963bf1da4b90ad9db393f9c130d/tibs-0.5.7-cp314-cp314t-manylinux_2_17_aarch64.manylinux2014_aarch64.whl", hash = "sha256:6a9feed5931b881809a950eca0e01e757113e2383a2af06a3e6982f110c869e2" },
    { url = "https://pypi.apple.com/packages/packages/16/a6/917ca6ca266135f0f52041700c4eb766097258dd987b81a630c061969db5/tibs-0.5.7-cp314-cp314t-manylinux_2_17_armv7l.manylinux2014_armv7l.whl", hash = "sha256:501728d096e10d9a165aa526743d47418a6bbfd7b084fa47ecb22be7641d3edb" },
    { url = "https://pypi.apple.com/packages/packages/ce/f6/3c795420f81bac44390d897712aebe186186d88ea5653e20f4ac5097b0b1/tibs-0.5.7-cp314-cp314t-manylinux_2_17_ppc64le.manylinux2014_ppc64le.whl", hash = "sha256:77103a9f1af72ac4cf5006828d0fb21578d19ce55fd990e9a1c8e46fd549561f" },
    { url = "https://pypi.apple.com/packages/packages/98/00/700b97377b55973ac233a280d6ff81c0187710c73a5ac3356ef79bf15eb2/tibs-0.5.7-cp314-cp314t-manylinux_2_17_s390x.manylinux2014_s390x.whl", hash = "sha256:1f95d5db62960205a1e9eba73ce67dc14e7366ae080cd4e5b6f005ebd90faf02" },
    { url = "https://pypi.apple.com/packages/packages/6d/41/38ccfe6fe48432ea20f6e6a49a42aeb9662042e5f4e8f9a4029047a6c44a/tibs-0.5.7-cp314-cp314t-manylinux_2_17_x86_64.manylinux2014_x86_64.whl", hash = "sha256:ace018a057459e3dccd06a4aae1c5c8cd57e352b263dcef534ae39bf3e03b5cf" },
    { url = "https://pypi.apple.com/packages/packages/73/08/d9a66639564b92d5be07eb30bbd7a5b9052f338da09fd4ec3732346ff129/tibs-0.5.7-cp314-cp314t-manylinux_2_5_i686.manylinux1_i686.whl", hash = "sha256:2a618de62004d9217d2d2ab0f7f9bbdd098c12642dc01f07b3fb00f0b5f3131a" },
    { url = "https://pypi.apple.com/packages/packages/70/c1/24131985486d5bf878468226d9d0bdff5a0b04838b773a7339d22965f74e/tibs-0.5.7-cp314-cp314t-musllinux_1_2_aarch64.whl", hash = "sha256:42725200f1b02687ed6e6a1c01e0ec150dc829d21d901ffc74cc0ac4d821f57f" },
    { url = "https://pypi.apple.com/packages/packages/02/0c/f74c6672d28054c55b6c593588792858be420dbf4b56d0adbf79fc1b7f8f/tibs-0.5.7-cp314-cp314t-musllinux_1_2_armv7l.whl", hash = "sha256:63255749f937c5e6fedcc7d54e7bd359aef711017e6855f373b0510a14ee2215" },
    { url = "https://pypi.apple.com/packages/packages/f4/bf/2c39836a5a1664cda596ba069d065322976245a5f86dab9f2b9a3eaff024/tibs-0.5.7-cp314-cp314t-musllinux_1_2_i686.whl", hash = "sha256:4b7510235379368b7523f624d46e0680f3706e3a3965877a6583cdcb598b8bac" },
    { url = "https://pypi.apple.com/packages/packages/1d/77/5a7a10001c38f4d1266d4f7a84fae27357c88834a0266bc401e37e1a7884/tibs-0.5.7-cp314-cp314t-musllinux_1_2_x86_64.whl", hash = "sha256:29480bf03e3372a5f9cc59ea0541f76f8efd696d4f0d214715e94247c342a037" },
    { url = "https://pypi.apple.com/packages/packages/0d/be/bb20938ab5d1e63ee4c5cf78be815ab2a8674e7aa0b2500db210f7db3e6d/tibs-0.5.7-cp314-cp314t-win32.whl", hash = "sha256:b9535dc7b7484904a58b51bd8e64da7efbf1d8466ff7e84ed1d78f4ddc561c99" },
    { url = "https://pypi.apple.com/packages/packages/d5/9a/e76888e8567dbe02a67a27d46e5acf06e3504df1268ebc6d8313942ec560/tibs-0.5.7-cp314-cp314t-win_amd64.whl", hash = "sha256:1906729038b85c3b4c040aa28a456d85bc976d0c5007177350eb73374ffa0fd0" },
    { url = "https://pypi.apple.com/packages/packages/10/37/f74a5f4288984cb909dbccd4cc254154f3ed97b16db1913406f1bd2914c9/tibs-0.5.7-cp314-cp314t-win_arm64.whl", hash = "sha256:7d6592ed93c6748acd39df484c1ee24d40ee247c2a20ca38ba03363506fd24f3" },
    { url = "https://pypi.apple.com/packages/packages/12/2d/de2c579d3eea0f18212b5b16decb04568b7a0ef912d00581a77492609d4e/tibs-0.5.7-cp38-abi3-macosx_10_12_x86_64.whl", hash = "sha256:859f05315ffb307d3474c505d694f3a547f00730a024c982f5f60316a5505b3c" },
    { url = "https://pypi.apple.com/packages/packages/74/71/4c21ccc5c2e1672f9cd91ed2c46604c250cffd9d386113772dded128b5cf/tibs-0.5.7-cp38-abi3-macosx_11_0_arm64.whl", hash = "sha256:a883ca13a922a66b2c1326a9c188123a574741a72510a4bf52fd6f97db191e44" },
    { url = "https://pypi.apple.com/packages/packages/38/85/399940ac5393772792a209911a5efa42cf55cf621771e48b863211ac5a2a/tibs-0.5.7-cp38-abi3-manylinux_2_17_aarch64.manylinux2014_aarch64.whl", hash = "sha256:f70bd250769381c73110d6f24feaf8b6fcd44f680b3cb28a20ea06db3d04fb6f" },
    { url = "https://pypi.apple.com/packages/packages/02/94/481a73e74d398949f57d297b1809a10a951d252e7ec94b6715ed952ce500/tibs-0.5.7-cp38-abi3-manylinux_2_17_armv7l.manylinux2014_armv7l.whl", hash = "sha256:76746f01b3db9dbd802f5e615f11f68df7a29ecef521b082dca53f3fa7d0084f" },
    { url = "https://pypi.apple.com/packages/packages/9b/e0/72db1760a7f7fec1d5f3690e0855fbbccbcf0a4a2fd318c9d71f3b33f3a7/tibs-0.5.7-cp38-abi3-manylinux_2_17_ppc64le.manylinux2014_ppc64le.whl", hash = "sha256:847709c108800ad6a45efaf9a040628278956938a4897f7427a2587013dc3b98" },
    { url = "https://pypi.apple.com/packages/packages/3e/26/9cd3395914bf705d6ae1e9a6c323f727e9dc88fef716327ce7f486e0b55a/tibs-0.5.7-cp38-abi3-manylinux_2_17_s390x.manylinux2014_s390x.whl", hash = "sha256:ad61df93b50f875b277ab736c5d37b6bce56f9abce489a22f4e02d9daa2966e3" },
    { url = "https://pypi.apple.com/packages/packages/e9/3b/267f19a008d13c704dc0b044138a56239272a43531ccb05464129d0fbd01/tibs-0.5.7-cp38-abi3-manylinux_2_17_x86_64.manylinux2014_x86_64.whl", hash = "sha256:e13b9c7ff2604b0146772025e1ac6f85c8c625bf6ac73736ff671eaf357dda41" },
    { url = "https://pypi.apple.com/packages/packages/e5/d4/424ae3515e0e013ad83186074bf3beb53399b9052c00da703415ccc316ca/tibs-0.5.7-cp38-abi3-manylinux_2_5_i686.manylinux1_i686.whl", hash = "sha256:0a7ce857ef05c59dc61abadc31c4b9b1e3c62f9e5fb29217988c308936aea71e" },
    { url = "https://pypi.apple.com/packages/packages/b0/15/ab80beba83a134745439d33763e1d3b017f994abeb9c309a3ac9fd94e90e/tibs-0.5.7-cp38-abi3-musllinux_1_2_aarch64.whl", hash = "sha256:1d5521cc6768bfa6282a0c591ba06b079ab91b5c7d5696925ad2abac59779a54" },
    { url = "https://pypi.apple.com/packages/packages/4c/21/f5cf41c15431e63aeaefb494e714d48d9e9061b4e01fcc01d1987e2e5faa/tibs-0.5.7-cp38-abi3-musllinux_1_2_armv7l.whl", hash = "sha256:477608f9b87e24a22ab6d50b81da04a5cb59bfa49598ff7ec5165035a18fb392" },
    { url = "https://pypi.apple.com/packages/packages/4e/ec/b3bdb7dcc3de8513c5678a685f4e25bb85ef48526d7d535ddc592f9e8602/tibs-0.5.7-cp38-abi3-musllinux_1_2_i686.whl", hash = "sha256:ac0aa2aae38f7325c91c261ce1d18f769c4c7033c98d6ea3ea5534585cf16452" },
    { url = "https://pypi.apple.com/packages/packages/a4/71/7b85af3ad1b2cd9871c8f50ba0eb17e54e12481b467678535e58aced0d98/tibs-0.5.7-cp38-abi3-musllinux_1_2_x86_64.whl", hash = "sha256:1b56583db148e5094d781c3d746815dbcbb6378c6f813c8ce291efd4ab21da8b" },
    { url = "https://pypi.apple.com/packages/packages/b9/63/60220fb502beb857306afd4a5bac4a8617ae496f3b1f4968d127380fdefe/tibs-0.5.7-cp38-abi3-win32.whl", hash = "sha256:d4f3ff613d486650816bc5516760c0382a2cc0ca8aeddd8914d011bc3b81d9a2" },
    { url = "https://pypi.apple.com/packages/packages/46/ab/aab78827ba7e0d65fe346b86d1d61e0792c38d5f9b7547e0f71b7027c835/tibs-0.5.7-cp38-abi3-win_amd64.whl", hash = "sha256:a61d36155f8ab8642e1b6744e13822f72050fc7ec4f86ec6965295afa04949e2" },
    { url = "https://pypi.apple.com/packages/packages/48/59/e9e6a610928a4bcbf04f0ac1436ee320aa8cbe95181f1aa32687c50e858b/tibs-0.5.7-cp38-abi3-win_arm64.whl", hash = "sha256:130bc68ff500fc8185677df7a97350b5d5339e6ba7e325bc3031337f6424ede7" },
]

[[package]]
name = "traitlets"
version = "5.14.3"
source = { registry = "https://pypi.apple.com/simple" }
sdist = { url = "https://pypi.apple.com/packages/packages/eb/79/72064e6a701c2183016abbbfedaba506d81e30e232a68c9f0d6f6fcd1574/traitlets-5.14.3.tar.gz", hash = "sha256:9ed0579d3502c94b4b3732ac120375cda96f923114522847de4b3bb98b96b6b7" }
wheels = [
    { url = "https://pypi.apple.com/packages/packages/00/c0/8f5d070730d7836adc9c9b6408dec68c6ced86b304a9b26a14df072a6e8c/traitlets-5.14.3-py3-none-any.whl", hash = "sha256:b74e89e397b1ed28cc831db7aea759ba6640cb3de13090ca145426688ff1ac4f" },
]

[[package]]
name = "typing-extensions"
version = "4.15.0"
source = { registry = "https://pypi.apple.com/simple" }
sdist = { url = "https://pypi.apple.com/packages/packages/72/94/1a15dd82efb362ac84269196e94cf00f187f7ed21c242792a923cdb1c61f/typing_extensions-4.15.0.tar.gz", hash = "sha256:0cea48d173cc12fa28ecabc3b837ea3cf6f38c6d1136f85cbaaf598984861466" }
wheels = [
    { url = "https://pypi.apple.com/packages/packages/18/67/36e9267722cc04a6b9f15c7f3441c2363321a3ea07da7ae0c0707beb2a9c/typing_extensions-4.15.0-py3-none-any.whl", hash = "sha256:f0fa19c6845758ab08074a0cfa8b7aecb71c999ca73d62883bc25cc018c4e548" },
]

[[package]]
name = "wcwidth"
version = "0.7.0"
source = { registry = "https://pypi.apple.com/simple" }
sdist = { url = "https://pypi.apple.com/packages/packages/2c/ee/afaf0f85a9a18fe47a67f1e4422ed6cf1fe642f0ae0a2f81166231303c52/wcwidth-0.7.0.tar.gz", hash = "sha256:90e3a7ea092341c44b99562e75d09e4d5160fe7a3974c6fb842a101a95e7eed0" }
wheels = [
    { url = "https://pypi.apple.com/packages/packages/41/52/e465037f5375f43533d1a80b6923955201596a99142ed524d77b571a1418/wcwidth-0.7.0-py3-none-any.whl", hash = "sha256:5d69154c429a82910e241c738cd0e2976fac8a2dd47a1a805f4afed1c0f136f2" },
]
